
Microsoft Visual Studio Solution File, Format Version 12.00
# Visual Studio Version 17
VisualStudioVersion = 17.9.34616.47
MinimumVisualStudioVersion = 10.0.40219.1
Project("{FAE04EC0-301F-11D3-BF4B-00C04F79EFBC}") = "parcial2_Ap1_BryanOvalle_Recuperacion", "parcial2_Ap1_BryanOvalle_Recuperacion\parcial2_Ap1_BryanOvalle_Recuperacion.csproj", "{CFBFC527-02C8-4800-A876-F5F90214AF81}"
EndProject
Global
	GlobalSection(SolutionConfigurationPlatforms) = preSolution
		Debug|Any CPU = Debug|Any CPU
		Release|Any CPU = Release|Any CPU
	EndGlobalSection
	GlobalSection(ProjectConfigurationPlatforms) = postSolution
		{CFBFC527-02C8-4800-A876-F5F90214AF81}.Debug|Any CPU.ActiveCfg = Debug|Any CPU
		{CFBFC527-02C8-4800-A876-F5F90214AF81}.Debug|Any CPU.Build.0 = Debug|Any CPU
		{CFBFC527-02C8-4800-A876-F5F90214AF81}.Release|Any CPU.ActiveCfg = Release|Any CPU
		{CFBFC527-02C8-4800-A876-F5F90214AF81}.Release|Any CPU.Build.0 = Release|Any CPU
	EndGlobalSection
	GlobalSection(SolutionProperties) = preSolution
		HideSolutionNode = FALSE
	EndGlobalSection
	GlobalSection(ExtensibilityGlobals) = postSolution
		SolutionGuid = {3A93F8F4-3B6D-4342-8CA1-1A9F38A5CBE9}
	EndGlobalSection
EndGlobal
